
Microsoft Visual Studio Solution File, Format Version 12.00
# Visual Studio 14
VisualStudioVersion = 14.0.25123.0
MinimumVisualStudioVersion = 10.0.40219.1
Project("{EABA08F8-2801-4BC3-8E51-84A92CB7E5AE}") = "Sitecore.Support.179036", "Sitecore.Support.179036\Sitecore.Support.179036.csproj", "{DBCBE449-007C-464D-BD1E-26DE70A675E5}"
EndProject
Global
	GlobalSection(SolutionConfigurationPlatforms) = preSolution
		Debug|Any CPU = Debug|Any CPU
		Release|Any CPU = Release|Any CPU
	EndGlobalSection
	GlobalSection(ProjectConfigurationPlatforms) = postSolution
		{DBCBE449-007C-464D-BD1E-26DE70A675E5}.Debug|Any CPU.ActiveCfg = Debug|Any CPU
		{DBCBE449-007C-464D-BD1E-26DE70A675E5}.Debug|Any CPU.Build.0 = Debug|Any CPU
		{DBCBE449-007C-464D-BD1E-26DE70A675E5}.Release|Any CPU.ActiveCfg = Release|Any CPU
		{DBCBE449-007C-464D-BD1E-26DE70A675E5}.Release|Any CPU.Build.0 = Release|Any CPU
	EndGlobalSection
	GlobalSection(SolutionProperties) = preSolution
		HideSolutionNode = FALSE
	EndGlobalSection
EndGlobal
